
Microsoft Visual Studio Solution File, Format Version 12.00
# Visual Studio Version 17
VisualStudioVersion = 17.7.34024.191
MinimumVisualStudioVersion = 10.0.40219.1
Project("{FAE04EC0-301F-11D3-BF4B-00C04F79EFBC}") = "T3_Naranjo_Gianino", "T3_Naranjo_Gianino\T3_Naranjo_Gianino.csproj", "{76898536-223B-4C3F-BF90-A90239F83F58}"
EndProject
Global
	GlobalSection(SolutionConfigurationPlatforms) = preSolution
		Debug|Any CPU = Debug|Any CPU
		Release|Any CPU = Release|Any CPU
	EndGlobalSection
	GlobalSection(ProjectConfigurationPlatforms) = postSolution
		{76898536-223B-4C3F-BF90-A90239F83F58}.Debug|Any CPU.ActiveCfg = Debug|Any CPU
		{76898536-223B-4C3F-BF90-A90239F83F58}.Debug|Any CPU.Build.0 = Debug|Any CPU
		{76898536-223B-4C3F-BF90-A90239F83F58}.Release|Any CPU.ActiveCfg = Release|Any CPU
		{76898536-223B-4C3F-BF90-A90239F83F58}.Release|Any CPU.Build.0 = Release|Any CPU
	EndGlobalSection
	GlobalSection(SolutionProperties) = preSolution
		HideSolutionNode = FALSE
	EndGlobalSection
	GlobalSection(ExtensibilityGlobals) = postSolution
		SolutionGuid = {F86C14A9-9D83-4B2D-BC9C-EA89A29C67C4}
	EndGlobalSection
EndGlobal
